
Microsoft Visual Studio Solution File, Format Version 12.00
# Visual Studio Version 16
VisualStudioVersion = 16.0.30413.136
MinimumVisualStudioVersion = 10.0.40219.1
Project("{00D1A9C2-B5F0-4AF3-8072-F6C62B433612}") = "GuitarEpicenterData", "GuitarEpicenterData\GuitarEpicenterData.sqlproj", "{1E6B077C-650C-4B88-9AC2-B9A56E16E5A8}"
EndProject
Project("{FAE04EC0-301F-11D3-BF4B-00C04F79EFBC}") = "GE.DesktopUI", "GE.DesktopUI\GE.DesktopUI.csproj", "{28496BE4-5276-47D4-A6A6-1E9707AE7BF5}"
EndProject
Project("{9A19103F-16F7-4668-BE54-9A1E7A4F7556}") = "GE.DataAccess", "GE.DataAccess\GE.DataAccess.csproj", "{AE311884-7AF6-4297-991D-8E1C67CE6E35}"
EndProject
Project("{9A19103F-16F7-4668-BE54-9A1E7A4F7556}") = "GE.DesktopUI.Library", "GE.DesktopUI.Library\GE.DesktopUI.Library.csproj", "{A5B9F027-642E-4D7F-972A-D74650815B05}"
EndProject
Project("{2150E333-8FDC-42A3-9474-1A3956D46DE8}") = "Database", "Database", "{8D52DEEA-BF50-471F-86DA-C0C0A693307A}"
EndProject
Project("{2150E333-8FDC-42A3-9474-1A3956D46DE8}") = "API", "API", "{35E9513D-DC7E-43BB-851C-CF834161F565}"
EndProject
Project("{2150E333-8FDC-42A3-9474-1A3956D46DE8}") = "WPF", "WPF", "{0A763F42-D267-48A1-B7F9-45A55391BCD5}"
EndProject
Project("{9A19103F-16F7-4668-BE54-9A1E7A4F7556}") = "GE.API", "GE.API\GE.API.csproj", "{B5311C33-FB69-42D3-AFEE-CF67BA2564CF}"
EndProject
Project("{2150E333-8FDC-42A3-9474-1A3956D46DE8}") = "Solution Items", "Solution Items", "{D81F2C0D-E963-4B12-BE95-1905CA8E7665}"
	ProjectSection(SolutionItems) = preProject
		Roadmap.txt = Roadmap.txt
	EndProjectSection
EndProject
Global
	GlobalSection(SolutionConfigurationPlatforms) = preSolution
		Debug|Any CPU = Debug|Any CPU
		Release|Any CPU = Release|Any CPU
	EndGlobalSection
	GlobalSection(ProjectConfigurationPlatforms) = postSolution
		{1E6B077C-650C-4B88-9AC2-B9A56E16E5A8}.Debug|Any CPU.ActiveCfg = Debug|Any CPU
		{1E6B077C-650C-4B88-9AC2-B9A56E16E5A8}.Debug|Any CPU.Build.0 = Debug|Any CPU
		{1E6B077C-650C-4B88-9AC2-B9A56E16E5A8}.Debug|Any CPU.Deploy.0 = Debug|Any CPU
		{1E6B077C-650C-4B88-9AC2-B9A56E16E5A8}.Release|Any CPU.ActiveCfg = Release|Any CPU
		{1E6B077C-650C-4B88-9AC2-B9A56E16E5A8}.Release|Any CPU.Build.0 = Release|Any CPU
		{1E6B077C-650C-4B88-9AC2-B9A56E16E5A8}.Release|Any CPU.Deploy.0 = Release|Any CPU
		{28496BE4-5276-47D4-A6A6-1E9707AE7BF5}.Debug|Any CPU.ActiveCfg = Debug|Any CPU
		{28496BE4-5276-47D4-A6A6-1E9707AE7BF5}.Debug|Any CPU.Build.0 = Debug|Any CPU
		{28496BE4-5276-47D4-A6A6-1E9707AE7BF5}.Release|Any CPU.ActiveCfg = Release|Any CPU
		{28496BE4-5276-47D4-A6A6-1E9707AE7BF5}.Release|Any CPU.Build.0 = Release|Any CPU
		{AE311884-7AF6-4297-991D-8E1C67CE6E35}.Debug|Any CPU.ActiveCfg = Debug|Any CPU
		{AE311884-7AF6-4297-991D-8E1C67CE6E35}.Debug|Any CPU.Build.0 = Debug|Any CPU
		{AE311884-7AF6-4297-991D-8E1C67CE6E35}.Release|Any CPU.ActiveCfg = Release|Any CPU
		{AE311884-7AF6-4297-991D-8E1C67CE6E35}.Release|Any CPU.Build.0 = Release|Any CPU
		{A5B9F027-642E-4D7F-972A-D74650815B05}.Debug|Any CPU.ActiveCfg = Debug|Any CPU
		{A5B9F027-642E-4D7F-972A-D74650815B05}.Debug|Any CPU.Build.0 = Debug|Any CPU
		{A5B9F027-642E-4D7F-972A-D74650815B05}.Release|Any CPU.ActiveCfg = Release|Any CPU
		{A5B9F027-642E-4D7F-972A-D74650815B05}.Release|Any CPU.Build.0 = Release|Any CPU
		{B5311C33-FB69-42D3-AFEE-CF67BA2564CF}.Debug|Any CPU.ActiveCfg = Debug|Any CPU
		{B5311C33-FB69-42D3-AFEE-CF67BA2564CF}.Debug|Any CPU.Build.0 = Debug|Any CPU
		{B5311C33-FB69-42D3-AFEE-CF67BA2564CF}.Release|Any CPU.ActiveCfg = Release|Any CPU
		{B5311C33-FB69-42D3-AFEE-CF67BA2564CF}.Release|Any CPU.Build.0 = Release|Any CPU
	EndGlobalSection
	GlobalSection(SolutionProperties) = preSolution
		HideSolutionNode = FALSE
	EndGlobalSection
	GlobalSection(NestedProjects) = preSolution
		{1E6B077C-650C-4B88-9AC2-B9A56E16E5A8} = {8D52DEEA-BF50-471F-86DA-C0C0A693307A}
		{28496BE4-5276-47D4-A6A6-1E9707AE7BF5} = {0A763F42-D267-48A1-B7F9-45A55391BCD5}
		{AE311884-7AF6-4297-991D-8E1C67CE6E35} = {35E9513D-DC7E-43BB-851C-CF834161F565}
		{A5B9F027-642E-4D7F-972A-D74650815B05} = {0A763F42-D267-48A1-B7F9-45A55391BCD5}
		{B5311C33-FB69-42D3-AFEE-CF67BA2564CF} = {35E9513D-DC7E-43BB-851C-CF834161F565}
	EndGlobalSection
	GlobalSection(ExtensibilityGlobals) = postSolution
		SolutionGuid = {6CA1D3C0-50AC-495F-9993-61A9B078BDE5}
	EndGlobalSection
EndGlobal
